
Microsoft Visual Studio Solution File, Format Version 12.00
# Visual Studio 14
VisualStudioVersion = 14.0.25420.1
MinimumVisualStudioVersion = 10.0.40219.1
Project("{FAE04EC0-301F-11D3-BF4B-00C04F79EFBC}") = "Nodus.Test", "..\Nodus.Test\Nodus.Test.csproj", "{93631FC1-0236-47EB-9DB5-2C34E91EFFA1}"
EndProject
Project("{2150E333-8FDC-42A3-9474-1A3956D46DE8}") = "01 - Test", "01 - Test", "{648B591C-7F3C-426E-8729-C1443B0AFFAC}"
EndProject
Project("{2150E333-8FDC-42A3-9474-1A3956D46DE8}") = "02 - Nodus", "02 - Nodus", "{FBD9DE0B-B7CC-4C9C-B55D-410CCE6B2610}"
EndProject
Project("{FAE04EC0-301F-11D3-BF4B-00C04F79EFBC}") = "Nodus.Core", "..\Nodus.Core\Nodus.Core.csproj", "{584D8B0A-9114-41B9-924C-8D9DB15EF6EB}"
EndProject
Project("{2150E333-8FDC-42A3-9474-1A3956D46DE8}") = "00 - Scripts", "00 - Scripts", "{E903A47F-F005-4CA1-886A-C881B47C9E73}"
EndProject
Project("{FAE04EC0-301F-11D3-BF4B-00C04F79EFBC}") = "Nodus.Test.Script", "..\Nodus.Test.Script\Nodus.Test.Script.csproj", "{2A158CBB-0605-4B00-B5A7-444F95515071}"
EndProject
Global
	GlobalSection(SolutionConfigurationPlatforms) = preSolution
		Debug|Any CPU = Debug|Any CPU
		Release|Any CPU = Release|Any CPU
	EndGlobalSection
	GlobalSection(ProjectConfigurationPlatforms) = postSolution
		{93631FC1-0236-47EB-9DB5-2C34E91EFFA1}.Debug|Any CPU.ActiveCfg = Debug|Any CPU
		{93631FC1-0236-47EB-9DB5-2C34E91EFFA1}.Debug|Any CPU.Build.0 = Debug|Any CPU
		{93631FC1-0236-47EB-9DB5-2C34E91EFFA1}.Release|Any CPU.ActiveCfg = Release|Any CPU
		{93631FC1-0236-47EB-9DB5-2C34E91EFFA1}.Release|Any CPU.Build.0 = Release|Any CPU
		{584D8B0A-9114-41B9-924C-8D9DB15EF6EB}.Debug|Any CPU.ActiveCfg = Debug|Any CPU
		{584D8B0A-9114-41B9-924C-8D9DB15EF6EB}.Debug|Any CPU.Build.0 = Debug|Any CPU
		{584D8B0A-9114-41B9-924C-8D9DB15EF6EB}.Release|Any CPU.ActiveCfg = Release|Any CPU
		{584D8B0A-9114-41B9-924C-8D9DB15EF6EB}.Release|Any CPU.Build.0 = Release|Any CPU
		{2A158CBB-0605-4B00-B5A7-444F95515071}.Debug|Any CPU.ActiveCfg = Debug|Any CPU
		{2A158CBB-0605-4B00-B5A7-444F95515071}.Debug|Any CPU.Build.0 = Debug|Any CPU
		{2A158CBB-0605-4B00-B5A7-444F95515071}.Release|Any CPU.ActiveCfg = Release|Any CPU
		{2A158CBB-0605-4B00-B5A7-444F95515071}.Release|Any CPU.Build.0 = Release|Any CPU
	EndGlobalSection
	GlobalSection(SolutionProperties) = preSolution
		HideSolutionNode = FALSE
	EndGlobalSection
	GlobalSection(NestedProjects) = preSolution
		{93631FC1-0236-47EB-9DB5-2C34E91EFFA1} = {648B591C-7F3C-426E-8729-C1443B0AFFAC}
		{584D8B0A-9114-41B9-924C-8D9DB15EF6EB} = {FBD9DE0B-B7CC-4C9C-B55D-410CCE6B2610}
		{2A158CBB-0605-4B00-B5A7-444F95515071} = {E903A47F-F005-4CA1-886A-C881B47C9E73}
	EndGlobalSection
EndGlobal
