
Microsoft Visual Studio Solution File, Format Version 12.00
# Visual Studio Version 17
VisualStudioVersion = 17.7.34018.315
MinimumVisualStudioVersion = 10.0.40219.1
Project("{2150E333-8FDC-42A3-9474-1A3956D46DE8}") = "00 - Readme", "00 - Readme", "{C4B379D6-F3B8-4825-A205-77E66A3F6411}"
	ProjectSection(SolutionItems) = preProject
		readme.txt = readme.txt
	EndProjectSection
EndProject
Project("{2150E333-8FDC-42A3-9474-1A3956D46DE8}") = "01 - Agent", "01 - Agent", "{84ED4D77-E846-47AB-80F0-8BD2B58F3BFA}"
EndProject
Project("{9A19103F-16F7-4668-BE54-9A1E7A4F7556}") = "Runner.Agent", "Agent\Runner.Agent\Runner.Agent.csproj", "{4783B198-DC58-4894-BB5B-AC6F896B221B}"
EndProject
Global
	GlobalSection(SolutionConfigurationPlatforms) = preSolution
		Debug|Any CPU = Debug|Any CPU
		Release|Any CPU = Release|Any CPU
	EndGlobalSection
	GlobalSection(ProjectConfigurationPlatforms) = postSolution
		{4783B198-DC58-4894-BB5B-AC6F896B221B}.Debug|Any CPU.ActiveCfg = Debug|Any CPU
		{4783B198-DC58-4894-BB5B-AC6F896B221B}.Debug|Any CPU.Build.0 = Debug|Any CPU
		{4783B198-DC58-4894-BB5B-AC6F896B221B}.Release|Any CPU.ActiveCfg = Release|Any CPU
		{4783B198-DC58-4894-BB5B-AC6F896B221B}.Release|Any CPU.Build.0 = Release|Any CPU
	EndGlobalSection
	GlobalSection(SolutionProperties) = preSolution
		HideSolutionNode = FALSE
	EndGlobalSection
	GlobalSection(NestedProjects) = preSolution
		{4783B198-DC58-4894-BB5B-AC6F896B221B} = {84ED4D77-E846-47AB-80F0-8BD2B58F3BFA}
	EndGlobalSection
	GlobalSection(ExtensibilityGlobals) = postSolution
		SolutionGuid = {A41B04EE-D7D9-4C30-AE02-53E4C26FCB3D}
	EndGlobalSection
EndGlobal
