
Microsoft Visual Studio Solution File, Format Version 12.00
# Visual Studio Version 17
VisualStudioVersion = 17.7.34018.315
MinimumVisualStudioVersion = 10.0.40219.1
Project("{2150E333-8FDC-42A3-9474-1A3956D46DE8}") = "00 - Readme", "00 - Readme", "{C4B379D6-F3B8-4825-A205-77E66A3F6411}"
	ProjectSection(SolutionItems) = preProject
		readme.txt = readme.txt
	EndProjectSection
EndProject
Project("{2150E333-8FDC-42A3-9474-1A3956D46DE8}") = "01 - WebUI", "01 - WebUI", "{0DFAE425-024A-4A41-A58B-2FCEA81AAC43}"
EndProject
Project("{9A19103F-16F7-4668-BE54-9A1E7A4F7556}") = "Runner.WebUI", "Runner.WebUI\Runner.WebUI.csproj", "{DFCD1CA1-15AC-4132-8AAC-CCE3A33B24F3}"
EndProject
Project("{2150E333-8FDC-42A3-9474-1A3956D46DE8}") = "02 - Business", "02 - Business", "{2E817016-2ED8-4C3B-A59C-9BAB564967FE}"
EndProject
Project("{9A19103F-16F7-4668-BE54-9A1E7A4F7556}") = "Runner.Business", "Runner.Business\Runner.Business.csproj", "{0BE57678-B56D-441B-8984-E6DD345268AA}"
EndProject
Project("{2150E333-8FDC-42A3-9474-1A3956D46DE8}") = "04 - Communication", "04 - Communication", "{24793874-BA53-464F-AD1E-0B9D2E97752A}"
EndProject
Project("{9A19103F-16F7-4668-BE54-9A1E7A4F7556}") = "Runner.Communication", "Runner.Communication\Runner.Communication.csproj", "{2E2F87BD-76C4-4560-B4CD-1D1CE9389216}"
EndProject
Project("{FAE04EC0-301F-11D3-BF4B-00C04F79EFBC}") = "Runner.Communication.Interface", "Runner.Communication.Interface\Runner.Communication.Interface.csproj", "{055A71F8-45EE-49F4-B0AE-5C16B3A2E705}"
EndProject
Project("{2150E333-8FDC-42A3-9474-1A3956D46DE8}") = "03 - Agent", "03 - Agent", "{84ED4D77-E846-47AB-80F0-8BD2B58F3BFA}"
EndProject
Project("{FAE04EC0-301F-11D3-BF4B-00C04F79EFBC}") = "Runner.Agent", "Runner.Agent\Runner.Agent.csproj", "{EB651C51-CA41-4CBC-89B1-E60DE7FD65F6}"
EndProject
Global
	GlobalSection(SolutionConfigurationPlatforms) = preSolution
		Debug|Any CPU = Debug|Any CPU
		Release|Any CPU = Release|Any CPU
	EndGlobalSection
	GlobalSection(ProjectConfigurationPlatforms) = postSolution
		{DFCD1CA1-15AC-4132-8AAC-CCE3A33B24F3}.Debug|Any CPU.ActiveCfg = Debug|Any CPU
		{DFCD1CA1-15AC-4132-8AAC-CCE3A33B24F3}.Debug|Any CPU.Build.0 = Debug|Any CPU
		{DFCD1CA1-15AC-4132-8AAC-CCE3A33B24F3}.Release|Any CPU.ActiveCfg = Release|Any CPU
		{DFCD1CA1-15AC-4132-8AAC-CCE3A33B24F3}.Release|Any CPU.Build.0 = Release|Any CPU
		{0BE57678-B56D-441B-8984-E6DD345268AA}.Debug|Any CPU.ActiveCfg = Debug|Any CPU
		{0BE57678-B56D-441B-8984-E6DD345268AA}.Debug|Any CPU.Build.0 = Debug|Any CPU
		{0BE57678-B56D-441B-8984-E6DD345268AA}.Release|Any CPU.ActiveCfg = Release|Any CPU
		{0BE57678-B56D-441B-8984-E6DD345268AA}.Release|Any CPU.Build.0 = Release|Any CPU
		{2E2F87BD-76C4-4560-B4CD-1D1CE9389216}.Debug|Any CPU.ActiveCfg = Debug|Any CPU
		{2E2F87BD-76C4-4560-B4CD-1D1CE9389216}.Debug|Any CPU.Build.0 = Debug|Any CPU
		{2E2F87BD-76C4-4560-B4CD-1D1CE9389216}.Release|Any CPU.ActiveCfg = Release|Any CPU
		{2E2F87BD-76C4-4560-B4CD-1D1CE9389216}.Release|Any CPU.Build.0 = Release|Any CPU
		{055A71F8-45EE-49F4-B0AE-5C16B3A2E705}.Debug|Any CPU.ActiveCfg = Debug|Any CPU
		{055A71F8-45EE-49F4-B0AE-5C16B3A2E705}.Debug|Any CPU.Build.0 = Debug|Any CPU
		{055A71F8-45EE-49F4-B0AE-5C16B3A2E705}.Release|Any CPU.ActiveCfg = Release|Any CPU
		{055A71F8-45EE-49F4-B0AE-5C16B3A2E705}.Release|Any CPU.Build.0 = Release|Any CPU
		{EB651C51-CA41-4CBC-89B1-E60DE7FD65F6}.Debug|Any CPU.ActiveCfg = Debug|Any CPU
		{EB651C51-CA41-4CBC-89B1-E60DE7FD65F6}.Debug|Any CPU.Build.0 = Debug|Any CPU
		{EB651C51-CA41-4CBC-89B1-E60DE7FD65F6}.Release|Any CPU.ActiveCfg = Release|Any CPU
		{EB651C51-CA41-4CBC-89B1-E60DE7FD65F6}.Release|Any CPU.Build.0 = Release|Any CPU
	EndGlobalSection
	GlobalSection(SolutionProperties) = preSolution
		HideSolutionNode = FALSE
	EndGlobalSection
	GlobalSection(NestedProjects) = preSolution
		{DFCD1CA1-15AC-4132-8AAC-CCE3A33B24F3} = {0DFAE425-024A-4A41-A58B-2FCEA81AAC43}
		{0BE57678-B56D-441B-8984-E6DD345268AA} = {2E817016-2ED8-4C3B-A59C-9BAB564967FE}
		{2E2F87BD-76C4-4560-B4CD-1D1CE9389216} = {24793874-BA53-464F-AD1E-0B9D2E97752A}
		{055A71F8-45EE-49F4-B0AE-5C16B3A2E705} = {24793874-BA53-464F-AD1E-0B9D2E97752A}
		{EB651C51-CA41-4CBC-89B1-E60DE7FD65F6} = {84ED4D77-E846-47AB-80F0-8BD2B58F3BFA}
	EndGlobalSection
	GlobalSection(ExtensibilityGlobals) = postSolution
		SolutionGuid = {A41B04EE-D7D9-4C30-AE02-53E4C26FCB3D}
	EndGlobalSection
EndGlobal
